{
  "name": "otaku-nexus-backend",
  "version": "1.0.0",
  "lockfileVersion": 3,
  "requires": true,
  "packages": {
    "": {
      "name": "otaku-nexus-backend",
      "version": "1.0.0",
      "dependencies": {
        "@types/bcryptjs": "2.4.6",
        "@types/express": "4.17.21",
        "@types/jsonwebtoken": "9.0.6",
        "@types/node": "20.11.30",
        "@types/pg": "8.10.9",
        "bcryptjs": "2.4.3",
        "drizzle-orm": "0.30.10",
        "drizzle-zod": "0.5.1",
        "express": "4.18.3",
        "jsonwebtoken": "9.0.2",
        "pg": "8.11.5",
        "tsx": "4.7.3",
        "typescript": "5.4.5",
        "zod": "3.22.4"
      },
      "engines": {
        "node": ">=18.0.0"
      }
    },
    "node_modules/@types/bcryptjs": {
      "version": "2.4.6",
      "resolved": "https://registry.npmjs.org/@types/bcryptjs/-/bcryptjs-2.4.6.tgz"
    },
    "node_modules/@types/express": {
      "version": "4.17.21",
      "resolved": "https://registry.npmjs.org/@types/express/-/express-4.17.21.tgz"
    },
    "node_modules/@types/jsonwebtoken": {
      "version": "9.0.6",
      "resolved": "https://registry.npmjs.org/@types/jsonwebtoken/-/jsonwebtoken-9.0.6.tgz"
    },
    "node_modules/@types/node": {
      "version": "20.11.30",
      "resolved": "https://registry.npmjs.org/@types/node/-/node-20.11.30.tgz"
    },
    "node_modules/@types/pg": {
      "version": "8.10.9",
      "resolved": "https://registry.npmjs.org/@types/pg/-/pg-8.10.9.tgz"
    },
    "node_modules/bcryptjs": {
      "version": "2.4.3",
      "resolved": "https://registry.npmjs.org/bcryptjs/-/bcryptjs-2.4.3.tgz"
    },
    "node_modules/drizzle-orm": {
      "version": "0.30.10",
      "resolved": "https://registry.npmjs.org/drizzle-orm/-/drizzle-orm-0.30.10.tgz"
    },
    "node_modules/drizzle-zod": {
      "version": "0.5.1",
      "resolved": "https://registry.npmjs.org/drizzle-zod/-/drizzle-zod-0.5.1.tgz"
    },
    "node_modules/express": {
      "version": "4.18.3",
      "resolved": "https://registry.npmjs.org/express/-/express-4.18.3.tgz"
    },
    "node_modules/jsonwebtoken": {
      "version": "9.0.2",
      "resolved": "https://registry.npmjs.org/jsonwebtoken/-/jsonwebtoken-9.0.2.tgz"
    },
    "node_modules/pg": {
      "version": "8.11.5",
      "resolved": "https://registry.npmjs.org/pg/-/pg-8.11.5.tgz"
    },
    "node_modules/tsx": {
      "version": "4.7.3",
      "resolved": "https://registry.npmjs.org/tsx/-/tsx-4.7.3.tgz"
    },
    "node_modules/typescript": {
      "version": "5.4.5",
      "resolved": "https://registry.npmjs.org/typescript/-/typescript-5.4.5.tgz"
    },
    "node_modules/zod": {
      "version": "3.22.4",
      "resolved": "https://registry.npmjs.org/zod/-/zod-3.22.4.tgz"
    }
  }
}