# THIS IS AN AUTOGENERATED FILE. DO NOT EDIT THIS FILE DIRECTLY.
# yarn lockfile v1


"@types/bcryptjs@2.4.6":
  version "2.4.6"
  resolved "https://registry.yarnpkg.com/@types/bcryptjs/-/bcryptjs-2.4.6.tgz"
  integrity sha512-9xlo8TheTv/PqFhgSYy3rbbD7hDjJUsHhYG5CKCJvZMTMmCGU8AHxaC/yvR58g8PdqJL1i6QLu0Q9JqCCjrfhg==

"@types/express@4.17.21":
  version "4.17.21"
  resolved "https://registry.yarnpkg.com/@types/express/-/express-4.17.21.tgz"
  integrity sha512-ejlPM315qwLpaQlQDTjPdsUFSc6ZsP4AN6AlWnogPjQ7CVi7PYF3YVz+CY3jE2pwYf7E/7HlDAN0rV2GxTG0HQ==

"@types/jsonwebtoken@9.0.6":
  version "9.0.6"
  resolved "https://registry.yarnpkg.com/@types/jsonwebtoken/-/jsonwebtoken-9.0.6.tgz"
  integrity sha512-/5hndP5dCjloafCXns6SZyESp3Ldq7YjH3zwzwczYnjxIT0Fqzk5ROSYVGfFyczIue7IUEj8hkvLbPoLQ18vQw==

"@types/node@20.11.30":
  version "20.11.30"
  resolved "https://registry.yarnpkg.com/@types/node/-/node-20.11.30.tgz"
  integrity sha512-dHM6ZxwlmuZaRmUPfv1p+KrdD1Dci04FbdEm/9wEMouFqxYoFl5aMkt0VMAUtYRQDyYvD41WJLukhq/ha3YuTw==

"@types/pg@8.10.9":
  version "8.10.9"
  resolved "https://registry.yarnpkg.com/@types/pg/-/pg-8.10.9.tgz"
  integrity sha512-XkMClaTiOMKhTmJh5K59/8j1vhQqGlnDSPqZ0c5Z6gEQz7/3gO9JpXhXPLcVAjFvTrPjzrJi5TNliQiEPVpJcg==

bcryptjs@2.4.3:
  version "2.4.3"
  resolved "https://registry.yarnpkg.com/bcryptjs/-/bcryptjs-2.4.3.tgz"
  integrity sha512-V/Hy/X9Vt7f3BbPJEi8BdVFMByHi+jNXrYkW3huaybV/kQ0KJg0Y6PkEMbn+zeT+i+SiKZ/HMqJGIIt4LZDqNQ==

drizzle-orm@0.30.10:
  version "0.30.10"
  resolved "https://registry.yarnpkg.com/drizzle-orm/-/drizzle-orm-0.30.10.tgz"
  integrity sha512-vKWqCTGS5ASB2WVB1KLjxmy6gqrp6Jw+zPRIX7b9Oa7f5ESCJQGzFaYRWFOvV3yBhXu3MqLKKJVLcQYfGHmJGQ==

drizzle-zod@0.5.1:
  version "0.5.1"
  resolved "https://registry.yarnpkg.com/drizzle-zod/-/drizzle-zod-0.5.1.tgz"
  integrity sha512-OgHVgJ5/1lUy7krMBFqKoKjlHXSrJNTdxm9LOwc+kH/+rONxP6D3CnANm0KKMtKfJYZVpQRIkFJvjKwK8VLJcQ==

express@4.18.3:
  version "4.18.3"
  resolved "https://registry.yarnpkg.com/express/-/express-4.18.3.tgz"
  integrity sha512-6VyCijWQ+9O7WuVMTRBTl+cjNNIzD5cY5mQ1WM8r/LEkI2u8EYpOotESNwzNlyCn3g+dmjKYI6BmNneSr/FSRw==

jsonwebtoken@9.0.2:
  version "9.0.2"
  resolved "https://registry.yarnpkg.com/jsonwebtoken/-/jsonwebtoken-9.0.2.tgz"
  integrity sha512-PRp66vn7+4uybsXDC3q6qG/5qjO1eWSCKgHNsmPq4rqZ2zJVtjqhLLcCFCbeQa8VdUQHAoYtOBGofpRVKHLLfg==

pg@8.11.5:
  version "8.11.5"
  resolved "https://registry.yarnpkg.com/pg/-/pg-8.11.5.tgz"
  integrity sha512-jqgNHSKL5cbDjFlHyYsCXmQDrfIX/3RsNwYqpd4N9Llsn8Q9OO2ePmrRcaFiZM3VmFtFTBl4zP7bQmBsUIg9lA==

tsx@4.7.3:
  version "4.7.3"
  resolved "https://registry.yarnpkg.com/tsx/-/tsx-4.7.3.tgz"
  integrity sha512-BV7GXnn/gQPTqNRs7GdFoONKLhZnQsOh5rKqOPOuYJF6YVBE4WNCS9hfGj2WqJOZFTyMVnF9/nYQhm8OKPNxzg==

typescript@5.4.5:
  version "5.4.5"
  resolved "https://registry.yarnpkg.com/typescript/-/typescript-5.4.5.tgz"
  integrity sha512-vcI4UpRgg81oIRUFwR0WSIHKt11nJ7SAVlYNIu+QpqeyXP+gpQJy/Z4+F0aGxSE4MqwjyXvW/TzgkLAx2AGHwQ==

zod@3.22.4:
  version "3.22.4"
  resolved "https://registry.yarnpkg.com/zod/-/zod-3.22.4.tgz"
  integrity sha512-iC+8Io04lddc+mVqQ9AZ7OQ2MrUKGN+oIQyq1vemgt46jwCwLfhq7/pwnBnNXXXZb8VTVLKwp9EDkx+ryxIWmg==